// !$*UTF8*$!
{
	archiveVersion = 1;
	classes = {
	};
	objectVersion = 55;
	objects = {

/* Begin PBXBuildFile section */
		200F5BB2290CB94E003FEA6F /* TutorialPage.swift in Sources */ = {isa = PBXBuildFile; fileRef = 200F5BB1290CB94E003FEA6F /* TutorialPage.swift */; };
		200F5BB4290CC5C7003FEA6F /* CreditsPage.swift in Sources */ = {isa = PBXBuildFile; fileRef = 200F5BB3290CC5C7003FEA6F /* CreditsPage.swift */; };
		204B7C9C2915F15D007BD2F9 /* DisplayInfoPage.swift in Sources */ = {isa = PBXBuildFile; fileRef = 204B7C9B2915F15D007BD2F9 /* DisplayInfoPage.swift */; };
		204B7C9E2915F86F007BD2F9 /* NewInfoSheet.swift in Sources */ = {isa = PBXBuildFile; fileRef = 204B7C9D2915F86F007BD2F9 /* NewInfoSheet.swift */; };
		204B7CA029160EA9007BD2F9 /* InfoDetailView.swift in Sources */ = {isa = PBXBuildFile; fileRef = 204B7C9F29160EA9007BD2F9 /* InfoDetailView.swift */; };
		A2556466290CB5A5007F3AC6 /* WelcomePage.swift in Sources */ = {isa = PBXBuildFile; fileRef = A2556465290CB5A5007F3AC6 /* WelcomePage.swift */; };
		A2556468290CB6A0007F3AC6 /* Colors.swift in Sources */ = {isa = PBXBuildFile; fileRef = A2556467290CB6A0007F3AC6 /* Colors.swift */; };
		A255646A290CBDDE007F3AC6 /* EnterInputPage.swift in Sources */ = {isa = PBXBuildFile; fileRef = A2556469290CBDDE007F3AC6 /* EnterInputPage.swift */; };
		A255646C290CC169007F3AC6 /* Questions.swift in Sources */ = {isa = PBXBuildFile; fileRef = A255646B290CC169007F3AC6 /* Questions.swift */; };
		A2D075CB29038F45000201FD /* FGRNApp.swift in Sources */ = {isa = PBXBuildFile; fileRef = A2D075CA29038F45000201FD /* FGRNApp.swift */; };
		A2D075CD29038F45000201FD /* ContentView.swift in Sources */ = {isa = PBXBuildFile; fileRef = A2D075CC29038F45000201FD /* ContentView.swift */; };
		A2D075CF29038F47000201FD /* Assets.xcassets in Resources */ = {isa = PBXBuildFile; fileRef = A2D075CE29038F47000201FD /* Assets.xcassets */; };
		A2D075D229038F47000201FD /* Preview Assets.xcassets in Resources */ = {isa = PBXBuildFile; fileRef = A2D075D129038F47000201FD /* Preview Assets.xcassets */; };
/* End PBXBuildFile section */

/* Begin PBXFileReference section */
		200F5BB1290CB94E003FEA6F /* TutorialPage.swift */ = {isa = PBXFileReference; lastKnownFileType = sourcecode.swift; path = TutorialPage.swift; sourceTree = "<group>"; };
		200F5BB3290CC5C7003FEA6F /* CreditsPage.swift */ = {isa = PBXFileReference; lastKnownFileType = sourcecode.swift; path = CreditsPage.swift; sourceTree = "<group>"; };
		204B7C9B2915F15D007BD2F9 /* DisplayInfoPage.swift */ = {isa = PBXFileReference; lastKnownFileType = sourcecode.swift; path = DisplayInfoPage.swift; sourceTree = "<group>"; };
		204B7C9D2915F86F007BD2F9 /* NewInfoSheet.swift */ = {isa = PBXFileReference; lastKnownFileType = sourcecode.swift; path = NewInfoSheet.swift; sourceTree = "<group>"; };
		204B7C9F29160EA9007BD2F9 /* InfoDetailView.swift */ = {isa = PBXFileReference; lastKnownFileType = sourcecode.swift; path = InfoDetailView.swift; sourceTree = "<group>"; };
		A2556465290CB5A5007F3AC6 /* WelcomePage.swift */ = {isa = PBXFileReference; lastKnownFileType = sourcecode.swift; path = WelcomePage.swift; sourceTree = "<group>"; };
		A2556467290CB6A0007F3AC6 /* Colors.swift */ = {isa = PBXFileReference; lastKnownFileType = sourcecode.swift; path = Colors.swift; sourceTree = "<group>"; };
		A2556469290CBDDE007F3AC6 /* EnterInputPage.swift */ = {isa = PBXFileReference; lastKnownFileType = sourcecode.swift; path = EnterInputPage.swift; sourceTree = "<group>"; };
		A255646B290CC169007F3AC6 /* Questions.swift */ = {isa = PBXFileReference; lastKnownFileType = sourcecode.swift; path = Questions.swift; sourceTree = "<group>"; };
		A2D075C729038F45000201FD /* FGRN.app */ = {isa = PBXFileReference; explicitFileType = wrapper.application; includeInIndex = 0; path = FGRN.app; sourceTree = BUILT_PRODUCTS_DIR; };
		A2D075CA29038F45000201FD /* FGRNApp.swift */ = {isa = PBXFileReference; lastKnownFileType = sourcecode.swift; path = FGRNApp.swift; sourceTree = "<group>"; };
		A2D075CC29038F45000201FD /* ContentView.swift */ = {isa = PBXFileReference; lastKnownFileType = sourcecode.swift; path = ContentView.swift; sourceTree = "<group>"; };
		A2D075CE29038F47000201FD /* Assets.xcassets */ = {isa = PBXFileReference; lastKnownFileType = folder.assetcatalog; path = Assets.xcassets; sourceTree = "<group>"; };
		A2D075D129038F47000201FD /* Preview Assets.xcassets */ = {isa = PBXFileReference; lastKnownFileType = folder.assetcatalog; path = "Preview Assets.xcassets"; sourceTree = "<group>"; };
/* End PBXFileReference section */

/* Begin PBXFrameworksBuildPhase section */
		A2D075C429038F45000201FD /* Frameworks */ = {
			isa = PBXFrameworksBuildPhase;
			buildActionMask = 2147483647;
			files = (
			);
			runOnlyForDeploymentPostprocessing = 0;
		};
/* End PBXFrameworksBuildPhase section */

/* Begin PBXGroup section */
		A2D075BE29038F45000201FD = {
			isa = PBXGroup;
			children = (
				A2D075C929038F45000201FD /* FGRN */,
				A2D075C829038F45000201FD /* Products */,
			);
			sourceTree = "<group>";
		};
		A2D075C829038F45000201FD /* Products */ = {
			isa = PBXGroup;
			children = (
				A2D075C729038F45000201FD /* FGRN.app */,
			);
			name = Products;
			sourceTree = "<group>";
		};
		A2D075C929038F45000201FD /* FGRN */ = {
			isa = PBXGroup;
			children = (
				A255646B290CC169007F3AC6 /* Questions.swift */,
				A2556467290CB6A0007F3AC6 /* Colors.swift */,
				204B7C9B2915F15D007BD2F9 /* DisplayInfoPage.swift */,
				204B7C9F29160EA9007BD2F9 /* InfoDetailView.swift */,
				204B7C9D2915F86F007BD2F9 /* NewInfoSheet.swift */,
				A2D075CA29038F45000201FD /* FGRNApp.swift */,
				A2D075CC29038F45000201FD /* ContentView.swift */,
				A2556465290CB5A5007F3AC6 /* WelcomePage.swift */,
				200F5BB3290CC5C7003FEA6F /* CreditsPage.swift */,
				A2556469290CBDDE007F3AC6 /* EnterInputPage.swift */,
				200F5BB1290CB94E003FEA6F /* TutorialPage.swift */,
				A2D075CE29038F47000201FD /* Assets.xcassets */,
				A2D075D029038F47000201FD /* Preview Content */,
			);
			path = FGRN;
			sourceTree = "<group>";
		};
		A2D075D029038F47000201FD /* Preview Content */ = {
			isa = PBXGroup;
			children = (
				A2D075D129038F47000201FD /* Preview Assets.xcassets */,
			);
			path = "Preview Content";
			sourceTree = "<group>";
		};
/* End PBXGroup section */

/* Begin PBXNativeTarget section */
		A2D075C629038F45000201FD /* FGRN */ = {
			isa = PBXNativeTarget;
			buildConfigurationList = A2D075D529038F47000201FD /* Build configuration list for PBXNativeTarget "FGRN" */;
			buildPhases = (
				A2D075C329038F45000201FD /* Sources */,
				A2D075C429038F45000201FD /* Frameworks */,
				A2D075C529038F45000201FD /* Resources */,
			);
			buildRules = (
			);
			dependencies = (
			);
			name = FGRN;
			productName = FGRN;
			productReference = A2D075C729038F45000201FD /* FGRN.app */;
			productType = "com.apple.product-type.application";
		};
/* End PBXNativeTarget section */

/* Begin PBXProject section */
		A2D075BF29038F45000201FD /* Project object */ = {
			isa = PBXProject;
			attributes = {
				BuildIndependentTargetsInParallel = 1;
				LastSwiftUpdateCheck = 1340;
				LastUpgradeCheck = 1340;
				TargetAttributes = {
					A2D075C629038F45000201FD = {
						CreatedOnToolsVersion = 13.4.1;
					};
				};
			};
			buildConfigurationList = A2D075C229038F45000201FD /* Build configuration list for PBXProject "FGRN" */;
			compatibilityVersion = "Xcode 13.0";
			developmentRegion = en;
			hasScannedForEncodings = 0;
			knownRegions = (
				en,
				Base,
			);
			mainGroup = A2D075BE29038F45000201FD;
			productRefGroup = A2D075C829038F45000201FD /* Products */;
			projectDirPath = "";
			projectRoot = "";
			targets = (
				A2D075C629038F45000201FD /* FGRN */,
			);
		};
/* End PBXProject section */

/* Begin PBXResourcesBuildPhase section */
		A2D075C529038F45000201FD /* Resources */ = {
			isa = PBXResourcesBuildPhase;
			buildActionMask = 2147483647;
			files = (
				A2D075D229038F47000201FD /* Preview Assets.xcassets in Resources */,
				A2D075CF29038F47000201FD /* Assets.xcassets in Resources */,
			);
			runOnlyForDeploymentPostprocessing = 0;
		};
/* End PBXResourcesBuildPhase section */

/* Begin PBXSourcesBuildPhase section */
		A2D075C329038F45000201FD /* Sources */ = {
			isa = PBXSourcesBuildPhase;
			buildActionMask = 2147483647;
			files = (
				A2D075CD29038F45000201FD /* ContentView.swift in Sources */,
				A2556468290CB6A0007F3AC6 /* Colors.swift in Sources */,
				A255646A290CBDDE007F3AC6 /* EnterInputPage.swift in Sources */,
				A255646C290CC169007F3AC6 /* Questions.swift in Sources */,
				A2D075CB29038F45000201FD /* FGRNApp.swift in Sources */,
				204B7CA029160EA9007BD2F9 /* InfoDetailView.swift in Sources */,
				A2556466290CB5A5007F3AC6 /* WelcomePage.swift in Sources */,
				204B7C9E2915F86F007BD2F9 /* NewInfoSheet.swift in Sources */,
				200F5BB2290CB94E003FEA6F /* TutorialPage.swift in Sources */,
				200F5BB4290CC5C7003FEA6F /* CreditsPage.swift in Sources */,
				204B7C9C2915F15D007BD2F9 /* DisplayInfoPage.swift in Sources */,
			);
			runOnlyForDeploymentPostprocessing = 0;
		};
/* End PBXSourcesBuildPhase section */

/* Begin XCBuildConfiguration section */
		A2D075D329038F47000201FD /* Debug */ = {
			isa = XCBuildConfiguration;
			buildSettings = {
				ALWAYS_SEARCH_USER_PATHS = NO;
				CLANG_ANALYZER_NONNULL = YES;
				CLANG_ANALYZER_NUMBER_OBJECT_CONVERSION = YES_AGGRESSIVE;
				CLANG_CXX_LANGUAGE_STANDARD = "gnu++17";
				CLANG_ENABLE_MODULES = YES;
				CLANG_ENABLE_OBJC_ARC = YES;
				CLANG_ENABLE_OBJC_WEAK = YES;
				CLANG_WARN_BLOCK_CAPTURE_AUTORELEASING = YES;
				CLANG_WARN_BOOL_CONVERSION = YES;
				CLANG_WARN_COMMA = YES;
				CLANG_WARN_CONSTANT_CONVERSION = YES;
				CLANG_WARN_DEPRECATED_OBJC_IMPLEMENTATIONS = YES;
				CLANG_WARN_DIRECT_OBJC_ISA_USAGE = YES_ERROR;
				CLANG_WARN_DOCUMENTATION_COMMENTS = YES;
				CLANG_WARN_EMPTY_BODY = YES;
				CLANG_WARN_ENUM_CONVERSION = YES;
				CLANG_WARN_INFINITE_RECURSION = YES;
				CLANG_WARN_INT_CONVERSION = YES;
				CLANG_WARN_NON_LITERAL_NULL_CONVERSION = YES;
				CLANG_WARN_OBJC_IMPLICIT_RETAIN_SELF = YES;
				CLANG_WARN_OBJC_LITERAL_CONVERSION = YES;
				CLANG_WARN_OBJC_ROOT_CLASS = YES_ERROR;
				CLANG_WARN_QUOTED_INCLUDE_IN_FRAMEWORK_HEADER = YES;
				CLANG_WARN_RANGE_LOOP_ANALYSIS = YES;
				CLANG_WARN_STRICT_PROTOTYPES = YES;
				CLANG_WARN_SUSPICIOUS_MOVE = YES;
				CLANG_WARN_UNGUARDED_AVAILABILITY = YES_AGGRESSIVE;
				CLANG_WARN_UNREACHABLE_CODE = YES;
				CLANG_WARN__DUPLICATE_METHOD_MATCH = YES;
				COPY_PHASE_STRIP = NO;
				DEBUG_INFORMATION_FORMAT = dwarf;
				ENABLE_STRICT_OBJC_MSGSEND = YES;
				ENABLE_TESTABILITY = YES;
				GCC_C_LANGUAGE_STANDARD = gnu11;
				GCC_DYNAMIC_NO_PIC = NO;
				GCC_NO_COMMON_BLOCKS = YES;
				GCC_OPTIMIZATION_LEVEL = 0;
				GCC_PREPROCESSOR_DEFINITIONS = (
					"DEBUG=1",
					"$(inherited)",
				);
				GCC_WARN_64_TO_32_BIT_CONVERSION = YES;
				GCC_WARN_ABOUT_RETURN_TYPE = YES_ERROR;
				GCC_WARN_UNDECLARED_SELECTOR = YES;
				GCC_WARN_UNINITIALIZED_AUTOS = YES_AGGRESSIVE;
				GCC_WARN_UNUSED_FUNCTION = YES;
				GCC_WARN_UNUSED_VARIABLE = YES;
				IPHONEOS_DEPLOYMENT_TARGET = 15.5;
				MTL_ENABLE_DEBUG_INFO = INCLUDE_SOURCE;
				MTL_FAST_MATH = YES;
				ONLY_ACTIVE_ARCH = YES;
				SDKROOT = iphoneos;
				SWIFT_ACTIVE_COMPILATION_CONDITIONS = DEBUG;
				SWIFT_OPTIMIZATION_LEVEL = "-Onone";
			};
			name = Debug;
		};
		A2D075D429038F47000201FD /* Release */ = {
			isa = XCBuildConfiguration;
			buildSettings = {
				ALWAYS_SEARCH_USER_PATHS = NO;
				CLANG_ANALYZER_NONNULL = YES;
				CLANG_ANALYZER_NUMBER_OBJECT_CONVERSION = YES_AGGRESSIVE;
				CLANG_CXX_LANGUAGE_STANDARD = "gnu++17";
				CLANG_ENABLE_MODULES = YES;
				CLANG_ENABLE_OBJC_ARC = YES;
				CLANG_ENABLE_OBJC_WEAK = YES;
				CLANG_WARN_BLOCK_CAPTURE_AUTORELEASING = YES;
				CLANG_WARN_BOOL_CONVERSION = YES;
				CLANG_WARN_COMMA = YES;
				CLANG_WARN_CONSTANT_CONVERSION = YES;
				CLANG_WARN_DEPRECATED_OBJC_IMPLEMENTATIONS = YES;
				CLANG_WARN_DIRECT_OBJC_ISA_USAGE = YES_ERROR;
				CLANG_WARN_DOCUMENTATION_COMMENTS = YES;
				CLANG_WARN_EMPTY_BODY = YES;
				CLANG_WARN_ENUM_CONVERSION = YES;
				CLANG_WARN_INFINITE_RECURSION = YES;
				CLANG_WARN_INT_CONVERSION = YES;
				CLANG_WARN_NON_LITERAL_NULL_CONVERSION = YES;
				CLANG_WARN_OBJC_IMPLICIT_RETAIN_SELF = YES;
				CLANG_WARN_OBJC_LITERAL_CONVERSION = YES;
				CLANG_WARN_OBJC_ROOT_CLASS = YES_ERROR;
				CLANG_WARN_QUOTED_INCLUDE_IN_FRAMEWORK_HEADER = YES;
				CLANG_WARN_RANGE_LOOP_ANALYSIS = YES;
				CLANG_WARN_STRICT_PROTOTYPES = YES;
				CLANG_WARN_SUSPICIOUS_MOVE = YES;
				CLANG_WARN_UNGUARDED_AVAILABILITY = YES_AGGRESSIVE;
				CLANG_WARN_UNREACHABLE_CODE = YES;
				CLANG_WARN__DUPLICATE_METHOD_MATCH = YES;
				COPY_PHASE_STRIP = NO;
				DEBUG_INFORMATION_FORMAT = "dwarf-with-dsym";
				ENABLE_NS_ASSERTIONS = NO;
				ENABLE_STRICT_OBJC_MSGSEND = YES;
				GCC_C_LANGUAGE_STANDARD = gnu11;
				GCC_NO_COMMON_BLOCKS = YES;
				GCC_WARN_64_TO_32_BIT_CONVERSION = YES;
				GCC_WARN_ABOUT_RETURN_TYPE = YES_ERROR;
				GCC_WARN_UNDECLARED_SELECTOR = YES;
				GCC_WARN_UNINITIALIZED_AUTOS = YES_AGGRESSIVE;
				GCC_WARN_UNUSED_FUNCTION = YES;
				GCC_WARN_UNUSED_VARIABLE = YES;
				IPHONEOS_DEPLOYMENT_TARGET = 15.5;
				MTL_ENABLE_DEBUG_INFO = NO;
				MTL_FAST_MATH = YES;
				SDKROOT = iphoneos;
				SWIFT_COMPILATION_MODE = wholemodule;
				SWIFT_OPTIMIZATION_LEVEL = "-O";
				VALIDATE_PRODUCT = YES;
			};
			name = Release;
		};
		A2D075D629038F47000201FD /* Debug */ = {
			isa = XCBuildConfiguration;
			buildSettings = {
				ASSETCATALOG_COMPILER_APPICON_NAME = AppIcon;
				ASSETCATALOG_COMPILER_GLOBAL_ACCENT_COLOR_NAME = AccentColor;
				CODE_SIGN_STYLE = Automatic;
				CURRENT_PROJECT_VERSION = 1;
				DEVELOPMENT_ASSET_PATHS = "\"FGRN/Preview Content\"";
				DEVELOPMENT_TEAM = AK2D6F4W7X;
				ENABLE_PREVIEWS = YES;
				GENERATE_INFOPLIST_FILE = YES;
				INFOPLIST_KEY_UIApplicationSceneManifest_Generation = YES;
				INFOPLIST_KEY_UIApplicationSupportsIndirectInputEvents = YES;
				INFOPLIST_KEY_UILaunchScreen_Generation = YES;
				INFOPLIST_KEY_UISupportedInterfaceOrientations_iPad = "UIInterfaceOrientationPortrait UIInterfaceOrientationPortraitUpsideDown UIInterfaceOrientationLandscapeLeft UIInterfaceOrientationLandscapeRight";
				INFOPLIST_KEY_UISupportedInterfaceOrientations_iPhone = "UIInterfaceOrientationPortrait UIInterfaceOrientationLandscapeLeft UIInterfaceOrientationLandscapeRight";
				LD_RUNPATH_SEARCH_PATHS = (
					"$(inherited)",
					"@executable_path/Frameworks",
				);
				MARKETING_VERSION = 1.0;
				PRODUCT_BUNDLE_IDENTIFIER = com.nicole.FGRN;
				PRODUCT_NAME = "$(TARGET_NAME)";
				SWIFT_EMIT_LOC_STRINGS = YES;
				SWIFT_VERSION = 5.0;
				TARGETED_DEVICE_FAMILY = "1,2";
			};
			name = Debug;
		};
		A2D075D729038F47000201FD /* Release */ = {
			isa = XCBuildConfiguration;
			buildSettings = {
				ASSETCATALOG_COMPILER_APPICON_NAME = AppIcon;
				ASSETCATALOG_COMPILER_GLOBAL_ACCENT_COLOR_NAME = AccentColor;
				CODE_SIGN_STYLE = Automatic;
				CURRENT_PROJECT_VERSION = 1;
				DEVELOPMENT_ASSET_PATHS = "\"FGRN/Preview Content\"";
				DEVELOPMENT_TEAM = AK2D6F4W7X;
				ENABLE_PREVIEWS = YES;
				GENERATE_INFOPLIST_FILE = YES;
				INFOPLIST_KEY_UIApplicationSceneManifest_Generation = YES;
				INFOPLIST_KEY_UIApplicationSupportsIndirectInputEvents = YES;
				INFOPLIST_KEY_UILaunchScreen_Generation = YES;
				INFOPLIST_KEY_UISupportedInterfaceOrientations_iPad = "UIInterfaceOrientationPortrait UIInterfaceOrientationPortraitUpsideDown UIInterfaceOrientationLandscapeLeft UIInterfaceOrientationLandscapeRight";
				INFOPLIST_KEY_UISupportedInterfaceOrientations_iPhone = "UIInterfaceOrientationPortrait UIInterfaceOrientationLandscapeLeft UIInterfaceOrientationLandscapeRight";
				LD_RUNPATH_SEARCH_PATHS = (
					"$(inherited)",
					"@executable_path/Frameworks",
				);
				MARKETING_VERSION = 1.0;
				PRODUCT_BUNDLE_IDENTIFIER = com.nicole.FGRN;
				PRODUCT_NAME = "$(TARGET_NAME)";
				SWIFT_EMIT_LOC_STRINGS = YES;
				SWIFT_VERSION = 5.0;
				TARGETED_DEVICE_FAMILY = "1,2";
			};
			name = Release;
		};
/* End XCBuildConfiguration section */

/* Begin XCConfigurationList section */
		A2D075C229038F45000201FD /* Build configuration list for PBXProject "FGRN" */ = {
			isa = XCConfigurationList;
			buildConfigurations = (
				A2D075D329038F47000201FD /* Debug */,
				A2D075D429038F47000201FD /* Release */,
			);
			defaultConfigurationIsVisible = 0;
			defaultConfigurationName = Release;
		};
		A2D075D529038F47000201FD /* Build configuration list for PBXNativeTarget "FGRN" */ = {
			isa = XCConfigurationList;
			buildConfigurations = (
				A2D075D629038F47000201FD /* Debug */,
				A2D075D729038F47000201FD /* Release */,
			);
			defaultConfigurationIsVisible = 0;
			defaultConfigurationName = Release;
		};
/* End XCConfigurationList section */
	};
	rootObject = A2D075BF29038F45000201FD /* Project object */;
}
